github.com/beka-birhanu/vinom-common v0.0.0-20250219120723-29393b8d60dc h1:83k4YYwUOFZhnF/IUosVGfY05U9bGezwbTyEK/3zEl0=
github.com/beka-birhanu/vinom-common v0.0.0-20250219120723-29393b8d60dc/go.mod h1:5YQ9WWSIzfDCIeVls/RtHOZTIFrjhdAcxPQuvJQhjfE=
github.com/google/uuid v1.6.0 h1:NIvaJDMOsjHA8n1jAhLSgzrAzy1Hgr+hNrb57e+94F0=
github.com/google/uuid v1.6.0/go.mod h1:TIyPZe4MgqvfeYDBFedMoGGpEw/LqOeaOT+nhxU+yHo=
